
Microsoft Visual Studio Solution File, Format Version 12.00
# Visual Studio Version 17
VisualStudioVersion = 17.11.35222.181
MinimumVisualStudioVersion = 10.0.40219.1
Project("{FAE04EC0-301F-11D3-BF4B-00C04F79EFBC}") = "Лабораторная 3 задание 3 на c#", "Лабораторная 3 задание 3 на c#.csproj", "{A54E9FCF-547E-4F8E-BA78-812858F4D872}"
EndProject
Global
	GlobalSection(SolutionConfigurationPlatforms) = preSolution
		Debug|Any CPU = Debug|Any CPU
		Release|Any CPU = Release|Any CPU
	EndGlobalSection
	GlobalSection(ProjectConfigurationPlatforms) = postSolution
		{A54E9FCF-547E-4F8E-BA78-812858F4D872}.Debug|Any CPU.ActiveCfg = Debug|Any CPU
		{A54E9FCF-547E-4F8E-BA78-812858F4D872}.Debug|Any CPU.Build.0 = Debug|Any CPU
		{A54E9FCF-547E-4F8E-BA78-812858F4D872}.Release|Any CPU.ActiveCfg = Release|Any CPU
		{A54E9FCF-547E-4F8E-BA78-812858F4D872}.Release|Any CPU.Build.0 = Release|Any CPU
	EndGlobalSection
	GlobalSection(SolutionProperties) = preSolution
		HideSolutionNode = FALSE
	EndGlobalSection
	GlobalSection(ExtensibilityGlobals) = postSolution
		SolutionGuid = {B962D33D-B833-4E47-8FC8-2440EE156AB9}
	EndGlobalSection
EndGlobal
