
Microsoft Visual Studio Solution File, Format Version 12.00
# Visual Studio Version 17
VisualStudioVersion = 17.11.35222.181
MinimumVisualStudioVersion = 10.0.40219.1
Project("{FAE04EC0-301F-11D3-BF4B-00C04F79EFBC}") = "ЛР №1 задание  2 С# от черновика", "ЛР №1 задание  2 С# от черновика\ЛР №1 задание  2 С# от черновика.csproj", "{F45F5B4A-0B41-46CD-AFCF-0FF709714945}"
EndProject
Global
	GlobalSection(SolutionConfigurationPlatforms) = preSolution
		Debug|Any CPU = Debug|Any CPU
		Release|Any CPU = Release|Any CPU
	EndGlobalSection
	GlobalSection(ProjectConfigurationPlatforms) = postSolution
		{F45F5B4A-0B41-46CD-AFCF-0FF709714945}.Debug|Any CPU.ActiveCfg = Debug|Any CPU
		{F45F5B4A-0B41-46CD-AFCF-0FF709714945}.Debug|Any CPU.Build.0 = Debug|Any CPU
		{F45F5B4A-0B41-46CD-AFCF-0FF709714945}.Release|Any CPU.ActiveCfg = Release|Any CPU
		{F45F5B4A-0B41-46CD-AFCF-0FF709714945}.Release|Any CPU.Build.0 = Release|Any CPU
	EndGlobalSection
	GlobalSection(SolutionProperties) = preSolution
		HideSolutionNode = FALSE
	EndGlobalSection
	GlobalSection(ExtensibilityGlobals) = postSolution
		SolutionGuid = {A888097C-F9B1-40A4-B2FB-3CE3661C7A17}
	EndGlobalSection
EndGlobal
