
Microsoft Visual Studio Solution File, Format Version 12.00
# Visual Studio Version 17
VisualStudioVersion = 17.11.35222.181
MinimumVisualStudioVersion = 10.0.40219.1
Project("{FAE04EC0-301F-11D3-BF4B-00C04F79EFBC}") = "ЛР 2 задание 2 на с#", "ЛР 2 задание 2 на с#.csproj", "{36ED2603-1175-4340-98B2-CEAFE3308C27}"
EndProject
Global
	GlobalSection(SolutionConfigurationPlatforms) = preSolution
		Debug|Any CPU = Debug|Any CPU
		Release|Any CPU = Release|Any CPU
	EndGlobalSection
	GlobalSection(ProjectConfigurationPlatforms) = postSolution
		{36ED2603-1175-4340-98B2-CEAFE3308C27}.Debug|Any CPU.ActiveCfg = Debug|Any CPU
		{36ED2603-1175-4340-98B2-CEAFE3308C27}.Debug|Any CPU.Build.0 = Debug|Any CPU
		{36ED2603-1175-4340-98B2-CEAFE3308C27}.Release|Any CPU.ActiveCfg = Release|Any CPU
		{36ED2603-1175-4340-98B2-CEAFE3308C27}.Release|Any CPU.Build.0 = Release|Any CPU
	EndGlobalSection
	GlobalSection(SolutionProperties) = preSolution
		HideSolutionNode = FALSE
	EndGlobalSection
	GlobalSection(ExtensibilityGlobals) = postSolution
		SolutionGuid = {56BBF054-A834-42D5-8C00-4F3A43B26633}
	EndGlobalSection
EndGlobal
