
Microsoft Visual Studio Solution File, Format Version 12.00
# Visual Studio Version 17
VisualStudioVersion = 17.11.35222.181
MinimumVisualStudioVersion = 10.0.40219.1
Project("{FAE04EC0-301F-11D3-BF4B-00C04F79EFBC}") = "Лабораторная 5 задание 1 на c#", "Лабораторная 5 задание 1 на c#.csproj", "{0A9576D7-160B-4B86-BCCB-420F18A05253}"
EndProject
Global
	GlobalSection(SolutionConfigurationPlatforms) = preSolution
		Debug|Any CPU = Debug|Any CPU
		Release|Any CPU = Release|Any CPU
	EndGlobalSection
	GlobalSection(ProjectConfigurationPlatforms) = postSolution
		{0A9576D7-160B-4B86-BCCB-420F18A05253}.Debug|Any CPU.ActiveCfg = Debug|Any CPU
		{0A9576D7-160B-4B86-BCCB-420F18A05253}.Debug|Any CPU.Build.0 = Debug|Any CPU
		{0A9576D7-160B-4B86-BCCB-420F18A05253}.Release|Any CPU.ActiveCfg = Release|Any CPU
		{0A9576D7-160B-4B86-BCCB-420F18A05253}.Release|Any CPU.Build.0 = Release|Any CPU
	EndGlobalSection
	GlobalSection(SolutionProperties) = preSolution
		HideSolutionNode = FALSE
	EndGlobalSection
	GlobalSection(ExtensibilityGlobals) = postSolution
		SolutionGuid = {91F7A33B-1EF8-4F4E-B2A9-C5C591C420FD}
	EndGlobalSection
EndGlobal
