
Microsoft Visual Studio Solution File, Format Version 12.00
# Visual Studio Version 17
VisualStudioVersion = 17.11.35222.181
MinimumVisualStudioVersion = 10.0.40219.1
Project("{8BC9CEB8-8B4A-11D0-8D11-00A0C91BC942}") = "Лабораторная 7 задание 2 от лр 3 задания 2 на с++", "Лабораторная 7 задание 2 от лр 3 задания 2 на с++.vcxproj", "{A6256305-52FC-4066-9314-53CFE859037C}"
EndProject
Global
	GlobalSection(SolutionConfigurationPlatforms) = preSolution
		Debug|x64 = Debug|x64
		Debug|x86 = Debug|x86
		Release|x64 = Release|x64
		Release|x86 = Release|x86
	EndGlobalSection
	GlobalSection(ProjectConfigurationPlatforms) = postSolution
		{A6256305-52FC-4066-9314-53CFE859037C}.Debug|x64.ActiveCfg = Debug|x64
		{A6256305-52FC-4066-9314-53CFE859037C}.Debug|x64.Build.0 = Debug|x64
		{A6256305-52FC-4066-9314-53CFE859037C}.Debug|x86.ActiveCfg = Debug|Win32
		{A6256305-52FC-4066-9314-53CFE859037C}.Debug|x86.Build.0 = Debug|Win32
		{A6256305-52FC-4066-9314-53CFE859037C}.Release|x64.ActiveCfg = Release|x64
		{A6256305-52FC-4066-9314-53CFE859037C}.Release|x64.Build.0 = Release|x64
		{A6256305-52FC-4066-9314-53CFE859037C}.Release|x86.ActiveCfg = Release|Win32
		{A6256305-52FC-4066-9314-53CFE859037C}.Release|x86.Build.0 = Release|Win32
	EndGlobalSection
	GlobalSection(SolutionProperties) = preSolution
		HideSolutionNode = FALSE
	EndGlobalSection
	GlobalSection(ExtensibilityGlobals) = postSolution
		SolutionGuid = {D1A7BB1D-ECC2-4E3A-9C68-0B256FE284FE}
	EndGlobalSection
EndGlobal
