
Microsoft Visual Studio Solution File, Format Version 12.00
# Visual Studio Version 17
VisualStudioVersion = 17.11.35222.181
MinimumVisualStudioVersion = 10.0.40219.1
Project("{FAE04EC0-301F-11D3-BF4B-00C04F79EFBC}") = "лр №2 задание 1 на с#", "лр №2 задание 1 на с#\лр №2 задание 1 на с#.csproj", "{963CA727-BAAE-4603-A24A-8EB1165D09F8}"
EndProject
Global
	GlobalSection(SolutionConfigurationPlatforms) = preSolution
		Debug|Any CPU = Debug|Any CPU
		Release|Any CPU = Release|Any CPU
	EndGlobalSection
	GlobalSection(ProjectConfigurationPlatforms) = postSolution
		{963CA727-BAAE-4603-A24A-8EB1165D09F8}.Debug|Any CPU.ActiveCfg = Debug|Any CPU
		{963CA727-BAAE-4603-A24A-8EB1165D09F8}.Debug|Any CPU.Build.0 = Debug|Any CPU
		{963CA727-BAAE-4603-A24A-8EB1165D09F8}.Release|Any CPU.ActiveCfg = Release|Any CPU
		{963CA727-BAAE-4603-A24A-8EB1165D09F8}.Release|Any CPU.Build.0 = Release|Any CPU
	EndGlobalSection
	GlobalSection(SolutionProperties) = preSolution
		HideSolutionNode = FALSE
	EndGlobalSection
	GlobalSection(ExtensibilityGlobals) = postSolution
		SolutionGuid = {A9D4288B-468E-4566-B1F7-9684BBB1D8B5}
	EndGlobalSection
EndGlobal
