
Microsoft Visual Studio Solution File, Format Version 12.00
# Visual Studio Version 17
VisualStudioVersion = 17.11.35222.181
MinimumVisualStudioVersion = 10.0.40219.1
Project("{8BC9CEB8-8B4A-11D0-8D11-00A0C91BC942}") = "ЛР №2  задание 1 на с++", "ЛР №2  задание 1 на с++\ЛР №2  задание 1 на с++.vcxproj", "{E0B66A77-9ABD-43BF-8FB6-E37978111CCB}"
EndProject
Global
	GlobalSection(SolutionConfigurationPlatforms) = preSolution
		Debug|x64 = Debug|x64
		Debug|x86 = Debug|x86
		Release|x64 = Release|x64
		Release|x86 = Release|x86
	EndGlobalSection
	GlobalSection(ProjectConfigurationPlatforms) = postSolution
		{E0B66A77-9ABD-43BF-8FB6-E37978111CCB}.Debug|x64.ActiveCfg = Debug|x64
		{E0B66A77-9ABD-43BF-8FB6-E37978111CCB}.Debug|x64.Build.0 = Debug|x64
		{E0B66A77-9ABD-43BF-8FB6-E37978111CCB}.Debug|x86.ActiveCfg = Debug|Win32
		{E0B66A77-9ABD-43BF-8FB6-E37978111CCB}.Debug|x86.Build.0 = Debug|Win32
		{E0B66A77-9ABD-43BF-8FB6-E37978111CCB}.Release|x64.ActiveCfg = Release|x64
		{E0B66A77-9ABD-43BF-8FB6-E37978111CCB}.Release|x64.Build.0 = Release|x64
		{E0B66A77-9ABD-43BF-8FB6-E37978111CCB}.Release|x86.ActiveCfg = Release|Win32
		{E0B66A77-9ABD-43BF-8FB6-E37978111CCB}.Release|x86.Build.0 = Release|Win32
	EndGlobalSection
	GlobalSection(SolutionProperties) = preSolution
		HideSolutionNode = FALSE
	EndGlobalSection
	GlobalSection(ExtensibilityGlobals) = postSolution
		SolutionGuid = {980CD435-800C-43FC-9670-A8B2330B9682}
	EndGlobalSection
EndGlobal
